
Microsoft Visual Studio Solution File, Format Version 12.00
# Visual Studio 15
VisualStudioVersion = 15.0.26730.16
MinimumVisualStudioVersion = 10.0.40219.1
Project("{FAE04EC0-301F-11D3-BF4B-00C04F79EFBC}") = "zwierzeta", "zwierzeta\zwierzeta.csproj", "{1D8ADB72-055D-4648-83DA-E65D343B9A17}"
EndProject
Global
	GlobalSection(SolutionConfigurationPlatforms) = preSolution
		Debug|Any CPU = Debug|Any CPU
		Release|Any CPU = Release|Any CPU
	EndGlobalSection
	GlobalSection(ProjectConfigurationPlatforms) = postSolution
		{1D8ADB72-055D-4648-83DA-E65D343B9A17}.Debug|Any CPU.ActiveCfg = Debug|Any CPU
		{1D8ADB72-055D-4648-83DA-E65D343B9A17}.Debug|Any CPU.Build.0 = Debug|Any CPU
		{1D8ADB72-055D-4648-83DA-E65D343B9A17}.Release|Any CPU.ActiveCfg = Release|Any CPU
		{1D8ADB72-055D-4648-83DA-E65D343B9A17}.Release|Any CPU.Build.0 = Release|Any CPU
	EndGlobalSection
	GlobalSection(SolutionProperties) = preSolution
		HideSolutionNode = FALSE
	EndGlobalSection
	GlobalSection(ExtensibilityGlobals) = postSolution
		SolutionGuid = {BF55D498-D15F-4385-AEA8-1E4868828A94}
	EndGlobalSection
EndGlobal
