
Microsoft Visual Studio Solution File, Format Version 12.00
# Visual Studio 15
VisualStudioVersion = 15.0.26730.16
MinimumVisualStudioVersion = 10.0.40219.1
Project("{FAE04EC0-301F-11D3-BF4B-00C04F79EFBC}") = "iloczyn_modify", "iloczyn_modify\iloczyn_modify.csproj", "{A287108C-1F8D-4202-8385-1567B26A1739}"
EndProject
Global
	GlobalSection(SolutionConfigurationPlatforms) = preSolution
		Debug|Any CPU = Debug|Any CPU
		Release|Any CPU = Release|Any CPU
	EndGlobalSection
	GlobalSection(ProjectConfigurationPlatforms) = postSolution
		{A287108C-1F8D-4202-8385-1567B26A1739}.Debug|Any CPU.ActiveCfg = Debug|Any CPU
		{A287108C-1F8D-4202-8385-1567B26A1739}.Debug|Any CPU.Build.0 = Debug|Any CPU
		{A287108C-1F8D-4202-8385-1567B26A1739}.Release|Any CPU.ActiveCfg = Release|Any CPU
		{A287108C-1F8D-4202-8385-1567B26A1739}.Release|Any CPU.Build.0 = Release|Any CPU
	EndGlobalSection
	GlobalSection(SolutionProperties) = preSolution
		HideSolutionNode = FALSE
	EndGlobalSection
	GlobalSection(ExtensibilityGlobals) = postSolution
		SolutionGuid = {681EF01D-76CA-4DEE-9864-F079FAADF52A}
	EndGlobalSection
EndGlobal
