
Microsoft Visual Studio Solution File, Format Version 12.00
# Visual Studio 15
VisualStudioVersion = 15.0.27130.2010
MinimumVisualStudioVersion = 10.0.40219.1
Project("{FAE04EC0-301F-11D3-BF4B-00C04F79EFBC}") = "czyt1", "czyt1\czyt1.csproj", "{EC8E3456-748E-4038-99C4-53FA56985552}"
EndProject
Global
	GlobalSection(SolutionConfigurationPlatforms) = preSolution
		Debug|Any CPU = Debug|Any CPU
		Release|Any CPU = Release|Any CPU
	EndGlobalSection
	GlobalSection(ProjectConfigurationPlatforms) = postSolution
		{EC8E3456-748E-4038-99C4-53FA56985552}.Debug|Any CPU.ActiveCfg = Debug|Any CPU
		{EC8E3456-748E-4038-99C4-53FA56985552}.Debug|Any CPU.Build.0 = Debug|Any CPU
		{EC8E3456-748E-4038-99C4-53FA56985552}.Release|Any CPU.ActiveCfg = Release|Any CPU
		{EC8E3456-748E-4038-99C4-53FA56985552}.Release|Any CPU.Build.0 = Release|Any CPU
	EndGlobalSection
	GlobalSection(SolutionProperties) = preSolution
		HideSolutionNode = FALSE
	EndGlobalSection
	GlobalSection(ExtensibilityGlobals) = postSolution
		SolutionGuid = {1793F073-6645-4C68-B69E-51559939F019}
	EndGlobalSection
EndGlobal
