
Microsoft Visual Studio Solution File, Format Version 12.00
# Visual Studio 15
VisualStudioVersion = 15.0.26730.16
MinimumVisualStudioVersion = 10.0.40219.1
Project("{FAE04EC0-301F-11D3-BF4B-00C04F79EFBC}") = "do_while_2", "do_while_2\do_while_2.csproj", "{6333E03B-8366-4542-825B-000E44C0F223}"
EndProject
Global
	GlobalSection(SolutionConfigurationPlatforms) = preSolution
		Debug|Any CPU = Debug|Any CPU
		Release|Any CPU = Release|Any CPU
	EndGlobalSection
	GlobalSection(ProjectConfigurationPlatforms) = postSolution
		{6333E03B-8366-4542-825B-000E44C0F223}.Debug|Any CPU.ActiveCfg = Debug|Any CPU
		{6333E03B-8366-4542-825B-000E44C0F223}.Debug|Any CPU.Build.0 = Debug|Any CPU
		{6333E03B-8366-4542-825B-000E44C0F223}.Release|Any CPU.ActiveCfg = Release|Any CPU
		{6333E03B-8366-4542-825B-000E44C0F223}.Release|Any CPU.Build.0 = Release|Any CPU
	EndGlobalSection
	GlobalSection(SolutionProperties) = preSolution
		HideSolutionNode = FALSE
	EndGlobalSection
	GlobalSection(ExtensibilityGlobals) = postSolution
		SolutionGuid = {5752F7E4-B4D0-4DB5-AAEA-B296E6ADD437}
	EndGlobalSection
EndGlobal
